
Microsoft Visual Studio Solution File, Format Version 12.00
# Visual Studio 15
VisualStudioVersion = 15.0.28307.421
MinimumVisualStudioVersion = 10.0.40219.1
Project("{FAE04EC0-301F-11D3-BF4B-00C04F79EFBC}") = "TalentFrameWork", "TalentFrameWork\TalentFrameWork.csproj", "{2520A004-2303-4E0D-9E12-412393FFE8EE}"
EndProject
Global
	GlobalSection(SolutionConfigurationPlatforms) = preSolution
		Debug|Any CPU = Debug|Any CPU
		Release|Any CPU = Release|Any CPU
	EndGlobalSection
	GlobalSection(ProjectConfigurationPlatforms) = postSolution
		{2520A004-2303-4E0D-9E12-412393FFE8EE}.Debug|Any CPU.ActiveCfg = Debug|Any CPU
		{2520A004-2303-4E0D-9E12-412393FFE8EE}.Debug|Any CPU.Build.0 = Debug|Any CPU
		{2520A004-2303-4E0D-9E12-412393FFE8EE}.Release|Any CPU.ActiveCfg = Release|Any CPU
		{2520A004-2303-4E0D-9E12-412393FFE8EE}.Release|Any CPU.Build.0 = Release|Any CPU
	EndGlobalSection
	GlobalSection(SolutionProperties) = preSolution
		HideSolutionNode = FALSE
	EndGlobalSection
	GlobalSection(ExtensibilityGlobals) = postSolution
		SolutionGuid = {3D1AA553-8EA7-4EE9-BDF9-030E443573ED}
	EndGlobalSection
EndGlobal
